// !$*UTF8*$!
{
	archiveVersion = 1;
	classes = {
	};
	objectVersion = 46;
	objects = {

/* Begin PBXBuildFile section */
		32CE651F33BC3D635B6E2059 /* Pods_limaoUITests.framework in Frameworks */ = {isa = PBXBuildFile; fileRef = 0A9DFCF4B37B248E0AB8FE03 /* Pods_limaoUITests.framework */; };
		60D2A7ED964329847C32BF91 /* Pods_limaoTests.framework in Frameworks */ = {isa = PBXBuildFile; fileRef = 8461974568253E7AA714D694 /* Pods_limaoTests.framework */; };
		A50C3F9C94EAFDD5FCB6DEF3 /* Pods_limao.framework in Frameworks */ = {isa = PBXBuildFile; fileRef = DDA5858D0DDCFE65E93AE661 /* Pods_limao.framework */; };
		DAA8B5011D62A8FC0025994D /* AppDelegate.swift in Sources */ = {isa = PBXBuildFile; fileRef = DAA8B5001D62A8FC0025994D /* AppDelegate.swift */; };
		DAA8B5031D62A8FC0025994D /* ViewController.swift in Sources */ = {isa = PBXBuildFile; fileRef = DAA8B5021D62A8FC0025994D /* ViewController.swift */; };
		DAA8B5061D62A8FC0025994D /* Main.storyboard in Resources */ = {isa = PBXBuildFile; fileRef = DAA8B5041D62A8FC0025994D /* Main.storyboard */; };
		DAA8B5081D62A8FC0025994D /* Assets.xcassets in Resources */ = {isa = PBXBuildFile; fileRef = DAA8B5071D62A8FC0025994D /* Assets.xcassets */; };
		DAA8B50B1D62A8FC0025994D /* LaunchScreen.storyboard in Resources */ = {isa = PBXBuildFile; fileRef = DAA8B5091D62A8FC0025994D /* LaunchScreen.storyboard */; };
		DAA8B5161D62A8FC0025994D /* limaoTests.swift in Sources */ = {isa = PBXBuildFile; fileRef = DAA8B5151D62A8FC0025994D /* limaoTests.swift */; };
		DAA8B5211D62A8FC0025994D /* limaoUITests.swift in Sources */ = {isa = PBXBuildFile; fileRef = DAA8B5201D62A8FC0025994D /* limaoUITests.swift */; };
/* End PBXBuildFile section */

/* Begin PBXContainerItemProxy section */
		DAA8B5121D62A8FC0025994D /* PBXContainerItemProxy */ = {
			isa = PBXContainerItemProxy;
			containerPortal = DAA8B4F51D62A8FC0025994D /* Project object */;
			proxyType = 1;
			remoteGlobalIDString = DAA8B4FC1D62A8FC0025994D;
			remoteInfo = limao;
		};
		DAA8B51D1D62A8FC0025994D /* PBXContainerItemProxy */ = {
			isa = PBXContainerItemProxy;
			containerPortal = DAA8B4F51D62A8FC0025994D /* Project object */;
			proxyType = 1;
			remoteGlobalIDString = DAA8B4FC1D62A8FC0025994D;
			remoteInfo = limao;
		};
/* End PBXContainerItemProxy section */

/* Begin PBXFileReference section */
		0A9DFCF4B37B248E0AB8FE03 /* Pods_limaoUITests.framework */ = {isa = PBXFileReference; explicitFileType = wrapper.framework; includeInIndex = 0; path = Pods_limaoUITests.framework; sourceTree = BUILT_PRODUCTS_DIR; };
		247293DBC7259C0E2E34ED32 /* Pods-limaoTests.release.xcconfig */ = {isa = PBXFileReference; includeInIndex = 1; lastKnownFileType = text.xcconfig; name = "Pods-limaoTests.release.xcconfig"; path = "Pods/Target Support Files/Pods-limaoTests/Pods-limaoTests.release.xcconfig"; sourceTree = "<group>"; };
		3D43B13B655FF9715F081B64 /* Pods-limao.release.xcconfig */ = {isa = PBXFileReference; includeInIndex = 1; lastKnownFileType = text.xcconfig; name = "Pods-limao.release.xcconfig"; path = "Pods/Target Support Files/Pods-limao/Pods-limao.release.xcconfig"; sourceTree = "<group>"; };
		3E7E725D602A275550D7BFD1 /* Pods-limao.debug.xcconfig */ = {isa = PBXFileReference; includeInIndex = 1; lastKnownFileType = text.xcconfig; name = "Pods-limao.debug.xcconfig"; path = "Pods/Target Support Files/Pods-limao/Pods-limao.debug.xcconfig"; sourceTree = "<group>"; };
		75E5755A0EF191FC091721DA /* Pods-limaoUITests.release.xcconfig */ = {isa = PBXFileReference; includeInIndex = 1; lastKnownFileType = text.xcconfig; name = "Pods-limaoUITests.release.xcconfig"; path = "Pods/Target Support Files/Pods-limaoUITests/Pods-limaoUITests.release.xcconfig"; sourceTree = "<group>"; };
		8461974568253E7AA714D694 /* Pods_limaoTests.framework */ = {isa = PBXFileReference; explicitFileType = wrapper.framework; includeInIndex = 0; path = Pods_limaoTests.framework; sourceTree = BUILT_PRODUCTS_DIR; };
		CDF1E3698235D71841E67F93 /* Pods-limaoUITests.debug.xcconfig */ = {isa = PBXFileReference; includeInIndex = 1; lastKnownFileType = text.xcconfig; name = "Pods-limaoUITests.debug.xcconfig"; path = "Pods/Target Support Files/Pods-limaoUITests/Pods-limaoUITests.debug.xcconfig"; sourceTree = "<group>"; };
		DAA8B4FD1D62A8FC0025994D /* limao.app */ = {isa = PBXFileReference; explicitFileType = wrapper.application; includeInIndex = 0; path = limao.app; sourceTree = BUILT_PRODUCTS_DIR; };
		DAA8B5001D62A8FC0025994D /* AppDelegate.swift */ = {isa = PBXFileReference; lastKnownFileType = sourcecode.swift; path = AppDelegate.swift; sourceTree = "<group>"; };
		DAA8B5021D62A8FC0025994D /* ViewController.swift */ = {isa = PBXFileReference; lastKnownFileType = sourcecode.swift; path = ViewController.swift; sourceTree = "<group>"; };
		DAA8B5051D62A8FC0025994D /* Base */ = {isa = PBXFileReference; lastKnownFileType = file.storyboard; name = Base; path = Base.lproj/Main.storyboard; sourceTree = "<group>"; };
		DAA8B5071D62A8FC0025994D /* Assets.xcassets */ = {isa = PBXFileReference; lastKnownFileType = folder.assetcatalog; path = Assets.xcassets; sourceTree = "<group>"; };
		DAA8B50A1D62A8FC0025994D /* Base */ = {isa = PBXFileReference; lastKnownFileType = file.storyboard; name = Base; path = Base.lproj/LaunchScreen.storyboard; sourceTree = "<group>"; };
		DAA8B50C1D62A8FC0025994D /* Info.plist */ = {isa = PBXFileReference; lastKnownFileType = text.plist.xml; path = Info.plist; sourceTree = "<group>"; };
		DAA8B5111D62A8FC0025994D /* limaoTests.xctest */ = {isa = PBXFileReference; explicitFileType = wrapper.cfbundle; includeInIndex = 0; path = limaoTests.xctest; sourceTree = BUILT_PRODUCTS_DIR; };
		DAA8B5151D62A8FC0025994D /* limaoTests.swift */ = {isa = PBXFileReference; lastKnownFileType = sourcecode.swift; path = limaoTests.swift; sourceTree = "<group>"; };
		DAA8B5171D62A8FC0025994D /* Info.plist */ = {isa = PBXFileReference; lastKnownFileType = text.plist.xml; path = Info.plist; sourceTree = "<group>"; };
		DAA8B51C1D62A8FC0025994D /* limaoUITests.xctest */ = {isa = PBXFileReference; explicitFileType = wrapper.cfbundle; includeInIndex = 0; path = limaoUITests.xctest; sourceTree = BUILT_PRODUCTS_DIR; };
		DAA8B5201D62A8FC0025994D /* limaoUITests.swift */ = {isa = PBXFileReference; lastKnownFileType = sourcecode.swift; path = limaoUITests.swift; sourceTree = "<group>"; };
		DAA8B5221D62A8FC0025994D /* Info.plist */ = {isa = PBXFileReference; lastKnownFileType = text.plist.xml; path = Info.plist; sourceTree = "<group>"; };
		DDA5858D0DDCFE65E93AE661 /* Pods_limao.framework */ = {isa = PBXFileReference; explicitFileType = wrapper.framework; includeInIndex = 0; path = Pods_limao.framework; sourceTree = BUILT_PRODUCTS_DIR; };
		F074F23453B06D5CDE1C915D /* Pods-limaoTests.debug.xcconfig */ = {isa = PBXFileReference; includeInIndex = 1; lastKnownFileType = text.xcconfig; name = "Pods-limaoTests.debug.xcconfig"; path = "Pods/Target Support Files/Pods-limaoTests/Pods-limaoTests.debug.xcconfig"; sourceTree = "<group>"; };
/* End PBXFileReference section */

/* Begin PBXFrameworksBuildPhase section */
		DAA8B4FA1D62A8FC0025994D /* Frameworks */ = {
			isa = PBXFrameworksBuildPhase;
			buildActionMask = 2147483647;
			files = (
				A50C3F9C94EAFDD5FCB6DEF3 /* Pods_limao.framework in Frameworks */,
			);
			runOnlyForDeploymentPostprocessing = 0;
		};
		DAA8B50E1D62A8FC0025994D /* Frameworks */ = {
			isa = PBXFrameworksBuildPhase;
			buildActionMask = 2147483647;
			files = (
				60D2A7ED964329847C32BF91 /* Pods_limaoTests.framework in Frameworks */,
			);
			runOnlyForDeploymentPostprocessing = 0;
		};
		DAA8B5191D62A8FC0025994D /* Frameworks */ = {
			isa = PBXFrameworksBuildPhase;
			buildActionMask = 2147483647;
			files = (
				32CE651F33BC3D635B6E2059 /* Pods_limaoUITests.framework in Frameworks */,
			);
			runOnlyForDeploymentPostprocessing = 0;
		};
/* End PBXFrameworksBuildPhase section */

/* Begin PBXGroup section */
		649248D47698680330353D20 /* Pods */ = {
			isa = PBXGroup;
			children = (
				3E7E725D602A275550D7BFD1 /* Pods-limao.debug.xcconfig */,
				3D43B13B655FF9715F081B64 /* Pods-limao.release.xcconfig */,
				F074F23453B06D5CDE1C915D /* Pods-limaoTests.debug.xcconfig */,
				247293DBC7259C0E2E34ED32 /* Pods-limaoTests.release.xcconfig */,
				CDF1E3698235D71841E67F93 /* Pods-limaoUITests.debug.xcconfig */,
				75E5755A0EF191FC091721DA /* Pods-limaoUITests.release.xcconfig */,
			);
			name = Pods;
			sourceTree = "<group>";
		};
		DAA8B4F41D62A8FC0025994D = {
			isa = PBXGroup;
			children = (
				DAA8B4FF1D62A8FC0025994D /* limao */,
				DAA8B5141D62A8FC0025994D /* limaoTests */,
				DAA8B51F1D62A8FC0025994D /* limaoUITests */,
				DAA8B4FE1D62A8FC0025994D /* Products */,
				649248D47698680330353D20 /* Pods */,
				DB30446E46B54E1E4A2F9011 /* Frameworks */,
			);
			sourceTree = "<group>";
		};
		DAA8B4FE1D62A8FC0025994D /* Products */ = {
			isa = PBXGroup;
			children = (
				DAA8B4FD1D62A8FC0025994D /* limao.app */,
				DAA8B5111D62A8FC0025994D /* limaoTests.xctest */,
				DAA8B51C1D62A8FC0025994D /* limaoUITests.xctest */,
			);
			name = Products;
			sourceTree = "<group>";
		};
		DAA8B4FF1D62A8FC0025994D /* limao */ = {
			isa = PBXGroup;
			children = (
				DAA8B5001D62A8FC0025994D /* AppDelegate.swift */,
				DAA8B5021D62A8FC0025994D /* ViewController.swift */,
				DAA8B5041D62A8FC0025994D /* Main.storyboard */,
				DAA8B5071D62A8FC0025994D /* Assets.xcassets */,
				DAA8B5091D62A8FC0025994D /* LaunchScreen.storyboard */,
				DAA8B50C1D62A8FC0025994D /* Info.plist */,
			);
			path = limao;
			sourceTree = "<group>";
		};
		DAA8B5141D62A8FC0025994D /* limaoTests */ = {
			isa = PBXGroup;
			children = (
				DAA8B5151D62A8FC0025994D /* limaoTests.swift */,
				DAA8B5171D62A8FC0025994D /* Info.plist */,
			);
			path = limaoTests;
			sourceTree = "<group>";
		};
		DAA8B51F1D62A8FC0025994D /* limaoUITests */ = {
			isa = PBXGroup;
			children = (
				DAA8B5201D62A8FC0025994D /* limaoUITests.swift */,
				DAA8B5221D62A8FC0025994D /* Info.plist */,
			);
			path = limaoUITests;
			sourceTree = "<group>";
		};
		DB30446E46B54E1E4A2F9011 /* Frameworks */ = {
			isa = PBXGroup;
			children = (
				DDA5858D0DDCFE65E93AE661 /* Pods_limao.framework */,
				8461974568253E7AA714D694 /* Pods_limaoTests.framework */,
				0A9DFCF4B37B248E0AB8FE03 /* Pods_limaoUITests.framework */,
			);
			name = Frameworks;
			sourceTree = "<group>";
		};
/* End PBXGroup section */

/* Begin PBXNativeTarget section */
		DAA8B4FC1D62A8FC0025994D /* limao */ = {
			isa = PBXNativeTarget;
			buildConfigurationList = DAA8B5251D62A8FC0025994D /* Build configuration list for PBXNativeTarget "limao" */;
			buildPhases = (
				D4CD446D16096FC89B92F468 /* [CP] Check Pods Manifest.lock */,
				DAA8B4F91D62A8FC0025994D /* Sources */,
				DAA8B4FA1D62A8FC0025994D /* Frameworks */,
				DAA8B4FB1D62A8FC0025994D /* Resources */,
				28F035C8EDFA2527FC685ADF /* [CP] Embed Pods Frameworks */,
				1E5B4895C9F3AA56F5C3C7EC /* [CP] Copy Pods Resources */,
			);
			buildRules = (
			);
			dependencies = (
			);
			name = limao;
			productName = limao;
			productReference = DAA8B4FD1D62A8FC0025994D /* limao.app */;
			productType = "com.apple.product-type.application";
		};
		DAA8B5101D62A8FC0025994D /* limaoTests */ = {
			isa = PBXNativeTarget;
			buildConfigurationList = DAA8B5281D62A8FC0025994D /* Build configuration list for PBXNativeTarget "limaoTests" */;
			buildPhases = (
				4044B1DA073CFA851E56E90E /* [CP] Check Pods Manifest.lock */,
				DAA8B50D1D62A8FC0025994D /* Sources */,
				DAA8B50E1D62A8FC0025994D /* Frameworks */,
				DAA8B50F1D62A8FC0025994D /* Resources */,
				151990FE468AD0BA1F097A8A /* [CP] Embed Pods Frameworks */,
				71AF09380FD169566727F966 /* [CP] Copy Pods Resources */,
			);
			buildRules = (
			);
			dependencies = (
				DAA8B5131D62A8FC0025994D /* PBXTargetDependency */,
			);
			name = limaoTests;
			productName = limaoTests;
			productReference = DAA8B5111D62A8FC0025994D /* limaoTests.xctest */;
			productType = "com.apple.product-type.bundle.unit-test";
		};
		DAA8B51B1D62A8FC0025994D /* limaoUITests */ = {
			isa = PBXNativeTarget;
			buildConfigurationList = DAA8B52B1D62A8FC0025994D /* Build configuration list for PBXNativeTarget "limaoUITests" */;
			buildPhases = (
				0C0586953DB99F81C70211C7 /* [CP] Check Pods Manifest.lock */,
				DAA8B5181D62A8FC0025994D /* Sources */,
				DAA8B5191D62A8FC0025994D /* Frameworks */,
				DAA8B51A1D62A8FC0025994D /* Resources */,
				60D420C9FD588E59CC202811 /* [CP] Copy Pods Resources */,
			);
			buildRules = (
			);
			dependencies = (
				DAA8B51E1D62A8FC0025994D /* PBXTargetDependency */,
			);
			name = limaoUITests;
			productName = limaoUITests;
			productReference = DAA8B51C1D62A8FC0025994D /* limaoUITests.xctest */;
			productType = "com.apple.product-type.bundle.ui-testing";
		};
/* End PBXNativeTarget section */

/* Begin PBXProject section */
		DAA8B4F51D62A8FC0025994D /* Project object */ = {
			isa = PBXProject;
			attributes = {
				LastSwiftUpdateCheck = 0730;
				LastUpgradeCheck = 0730;
				ORGANIZATIONNAME = limao;
				TargetAttributes = {
					DAA8B4FC1D62A8FC0025994D = {
						CreatedOnToolsVersion = 7.3.1;
					};
					DAA8B5101D62A8FC0025994D = {
						CreatedOnToolsVersion = 7.3.1;
						TestTargetID = DAA8B4FC1D62A8FC0025994D;
					};
					DAA8B51B1D62A8FC0025994D = {
						CreatedOnToolsVersion = 7.3.1;
						TestTargetID = DAA8B4FC1D62A8FC0025994D;
					};
				};
			};
			buildConfigurationList = DAA8B4F81D62A8FC0025994D /* Build configuration list for PBXProject "limao" */;
			compatibilityVersion = "Xcode 3.2";
			developmentRegion = English;
			hasScannedForEncodings = 0;
			knownRegions = (
				en,
				Base,
			);
			mainGroup = DAA8B4F41D62A8FC0025994D;
			productRefGroup = DAA8B4FE1D62A8FC0025994D /* Products */;
			projectDirPath = "";
			projectRoot = "";
			targets = (
				DAA8B4FC1D62A8FC0025994D /* limao */,
				DAA8B5101D62A8FC0025994D /* limaoTests */,
				DAA8B51B1D62A8FC0025994D /* limaoUITests */,
			);
		};
/* End PBXProject section */

/* Begin PBXResourcesBuildPhase section */
		DAA8B4FB1D62A8FC0025994D /* Resources */ = {
			isa = PBXResourcesBuildPhase;
			buildActionMask = 2147483647;
			files = (
				DAA8B50B1D62A8FC0025994D /* LaunchScreen.storyboard in Resources */,
				DAA8B5081D62A8FC0025994D /* Assets.xcassets in Resources */,
				DAA8B5061D62A8FC0025994D /* Main.storyboard in Resources */,
			);
			runOnlyForDeploymentPostprocessing = 0;
		};
		DAA8B50F1D62A8FC0025994D /* Resources */ = {
			isa = PBXResourcesBuildPhase;
			buildActionMask = 2147483647;
			files = (
			);
			runOnlyForDeploymentPostprocessing = 0;
		};
		DAA8B51A1D62A8FC0025994D /* Resources */ = {
			isa = PBXResourcesBuildPhase;
			buildActionMask = 2147483647;
			files = (
			);
			runOnlyForDeploymentPostprocessing = 0;
		};
/* End PBXResourcesBuildPhase section */

/* Begin PBXShellScriptBuildPhase section */
		0C0586953DB99F81C70211C7 /* [CP] Check Pods Manifest.lock */ = {
			isa = PBXShellScriptBuildPhase;
			buildActionMask = 2147483647;
			files = (
			);
			inputPaths = (
			);
			name = "[CP] Check Pods Manifest.lock";
			outputPaths = (
			);
			runOnlyForDeploymentPostprocessing = 0;
			shellPath = /bin/sh;
			shellScript = "diff \"${PODS_ROOT}/../Podfile.lock\" \"${PODS_ROOT}/Manifest.lock\" > /dev/null\nif [[ $? != 0 ]] ; then\n    cat << EOM\nerror: The sandbox is not in sync with the Podfile.lock. Run 'pod install' or update your CocoaPods installation.\nEOM\n    exit 1\nfi\n";
			showEnvVarsInLog = 0;
		};
		151990FE468AD0BA1F097A8A /* [CP] Embed Pods Frameworks */ = {
			isa = PBXShellScriptBuildPhase;
			buildActionMask = 2147483647;
			files = (
			);
			inputPaths = (
			);
			name = "[CP] Embed Pods Frameworks";
			outputPaths = (
			);
			runOnlyForDeploymentPostprocessing = 0;
			shellPath = /bin/sh;
			shellScript = "\"${SRCROOT}/Pods/Target Support Files/Pods-limaoTests/Pods-limaoTests-frameworks.sh\"\n";
			showEnvVarsInLog = 0;
		};
		1E5B4895C9F3AA56F5C3C7EC /* [CP] Copy Pods Resources */ = {
			isa = PBXShellScriptBuildPhase;
			buildActionMask = 2147483647;
			files = (
			);
			inputPaths = (
			);
			name = "[CP] Copy Pods Resources";
			outputPaths = (
			);
			runOnlyForDeploymentPostprocessing = 0;
			shellPath = /bin/sh;
			shellScript = "\"${SRCROOT}/Pods/Target Support Files/Pods-limao/Pods-limao-resources.sh\"\n";
			showEnvVarsInLog = 0;
		};
		28F035C8EDFA2527FC685ADF /* [CP] Embed Pods Frameworks */ = {
			isa = PBXShellScriptBuildPhase;
			buildActionMask = 2147483647;
			files = (
			);
			inputPaths = (
			);
			name = "[CP] Embed Pods Frameworks";
			outputPaths = (
			);
			runOnlyForDeploymentPostprocessing = 0;
			shellPath = /bin/sh;
			shellScript = "\"${SRCROOT}/Pods/Target Support Files/Pods-limao/Pods-limao-frameworks.sh\"\n";
			showEnvVarsInLog = 0;
		};
		4044B1DA073CFA851E56E90E /* [CP] Check Pods Manifest.lock */ = {
			isa = PBXShellScriptBuildPhase;
			buildActionMask = 2147483647;
			files = (
			);
			inputPaths = (
			);
			name = "[CP] Check Pods Manifest.lock";
			outputPaths = (
			);
			runOnlyForDeploymentPostprocessing = 0;
			shellPath = /bin/sh;
			shellScript = "diff \"${PODS_ROOT}/../Podfile.lock\" \"${PODS_ROOT}/Manifest.lock\" > /dev/null\nif [[ $? != 0 ]] ; then\n    cat << EOM\nerror: The sandbox is not in sync with the Podfile.lock. Run 'pod install' or update your CocoaPods installation.\nEOM\n    exit 1\nfi\n";
			showEnvVarsInLog = 0;
		};
		60D420C9FD588E59CC202811 /* [CP] Copy Pods Resources */ = {
			isa = PBXShellScriptBuildPhase;
			buildActionMask = 2147483647;
			files = (
			);
			inputPaths = (
			);
			name = "[CP] Copy Pods Resources";
			outputPaths = (
			);
			runOnlyForDeploymentPostprocessing = 0;
			shellPath = /bin/sh;
			shellScript = "\"${SRCROOT}/Pods/Target Support Files/Pods-limaoUITests/Pods-limaoUITests-resources.sh\"\n";
			showEnvVarsInLog = 0;
		};
		71AF09380FD169566727F966 /* [CP] Copy Pods Resources */ = {
			isa = PBXShellScriptBuildPhase;
			buildActionMask = 2147483647;
			files = (
			);
			inputPaths = (
			);
			name = "[CP] Copy Pods Resources";
			outputPaths = (
			);
			runOnlyForDeploymentPostprocessing = 0;
			shellPath = /bin/sh;
			shellScript = "\"${SRCROOT}/Pods/Target Support Files/Pods-limaoTests/Pods-limaoTests-resources.sh\"\n";
			showEnvVarsInLog = 0;
		};
		D4CD446D16096FC89B92F468 /* [CP] Check Pods Manifest.lock */ = {
			isa = PBXShellScriptBuildPhase;
			buildActionMask = 2147483647;
			files = (
			);
			inputPaths = (
			);
			name = "[CP] Check Pods Manifest.lock";
			outputPaths = (
			);
			runOnlyForDeploymentPostprocessing = 0;
			shellPath = /bin/sh;
			shellScript = "diff \"${PODS_ROOT}/../Podfile.lock\" \"${PODS_ROOT}/Manifest.lock\" > /dev/null\nif [[ $? != 0 ]] ; then\n    cat << EOM\nerror: The sandbox is not in sync with the Podfile.lock. Run 'pod install' or update your CocoaPods installation.\nEOM\n    exit 1\nfi\n";
			showEnvVarsInLog = 0;
		};
/* End PBXShellScriptBuildPhase section */

/* Begin PBXSourcesBuildPhase section */
		DAA8B4F91D62A8FC0025994D /* Sources */ = {
			isa = PBXSourcesBuildPhase;
			buildActionMask = 2147483647;
			files = (
				DAA8B5031D62A8FC0025994D /* ViewController.swift in Sources */,
				DAA8B5011D62A8FC0025994D /* AppDelegate.swift in Sources */,
			);
			runOnlyForDeploymentPostprocessing = 0;
		};
		DAA8B50D1D62A8FC0025994D /* Sources */ = {
			isa = PBXSourcesBuildPhase;
			buildActionMask = 2147483647;
			files = (
				DAA8B5161D62A8FC0025994D /* limaoTests.swift in Sources */,
			);
			runOnlyForDeploymentPostprocessing = 0;
		};
		DAA8B5181D62A8FC0025994D /* Sources */ = {
			isa = PBXSourcesBuildPhase;
			buildActionMask = 2147483647;
			files = (
				DAA8B5211D62A8FC0025994D /* limaoUITests.swift in Sources */,
			);
			runOnlyForDeploymentPostprocessing = 0;
		};
/* End PBXSourcesBuildPhase section */

/* Begin PBXTargetDependency section */
		DAA8B5131D62A8FC0025994D /* PBXTargetDependency */ = {
			isa = PBXTargetDependency;
			target = DAA8B4FC1D62A8FC0025994D /* limao */;
			targetProxy = DAA8B5121D62A8FC0025994D /* PBXContainerItemProxy */;
		};
		DAA8B51E1D62A8FC0025994D /* PBXTargetDependency */ = {
			isa = PBXTargetDependency;
			target = DAA8B4FC1D62A8FC0025994D /* limao */;
			targetProxy = DAA8B51D1D62A8FC0025994D /* PBXContainerItemProxy */;
		};
/* End PBXTargetDependency section */

/* Begin PBXVariantGroup section */
		DAA8B5041D62A8FC0025994D /* Main.storyboard */ = {
			isa = PBXVariantGroup;
			children = (
				DAA8B5051D62A8FC0025994D /* Base */,
			);
			name = Main.storyboard;
			sourceTree = "<group>";
		};
		DAA8B5091D62A8FC0025994D /* LaunchScreen.storyboard */ = {
			isa = PBXVariantGroup;
			children = (
				DAA8B50A1D62A8FC0025994D /* Base */,
			);
			name = LaunchScreen.storyboard;
			sourceTree = "<group>";
		};
/* End PBXVariantGroup section */

/* Begin XCBuildConfiguration section */
		DAA8B5231D62A8FC0025994D /* Debug */ = {
			isa = XCBuildConfiguration;
			buildSettings = {
				ALWAYS_SEARCH_USER_PATHS = NO;
				CLANG_ANALYZER_NONNULL = YES;
				CLANG_CXX_LANGUAGE_STANDARD = "gnu++0x";
				CLANG_CXX_LIBRARY = "libc++";
				CLANG_ENABLE_MODULES = YES;
				CLANG_ENABLE_OBJC_ARC = YES;
				CLANG_WARN_BOOL_CONVERSION = YES;
				CLANG_WARN_CONSTANT_CONVERSION = YES;
				CLANG_WARN_DIRECT_OBJC_ISA_USAGE = YES_ERROR;
				CLANG_WARN_EMPTY_BODY = YES;
				CLANG_WARN_ENUM_CONVERSION = YES;
				CLANG_WARN_INT_CONVERSION = YES;
				CLANG_WARN_OBJC_ROOT_CLASS = YES_ERROR;
				CLANG_WARN_UNREACHABLE_CODE = YES;
				CLANG_WARN__DUPLICATE_METHOD_MATCH = YES;
				"CODE_SIGN_IDENTITY[sdk=iphoneos*]" = "iPhone Developer";
				COPY_PHASE_STRIP = NO;
				DEBUG_INFORMATION_FORMAT = dwarf;
				ENABLE_STRICT_OBJC_MSGSEND = YES;
				ENABLE_TESTABILITY = YES;
				GCC_C_LANGUAGE_STANDARD = gnu99;
				GCC_DYNAMIC_NO_PIC = NO;
				GCC_NO_COMMON_BLOCKS = YES;
				GCC_OPTIMIZATION_LEVEL = 0;
				GCC_PREPROCESSOR_DEFINITIONS = (
					"DEBUG=1",
					"$(inherited)",
				);
				GCC_WARN_64_TO_32_BIT_CONVERSION = YES;
				GCC_WARN_ABOUT_RETURN_TYPE = YES_ERROR;
				GCC_WARN_UNDECLARED_SELECTOR = YES;
				GCC_WARN_UNINITIALIZED_AUTOS = YES_AGGRESSIVE;
				GCC_WARN_UNUSED_FUNCTION = YES;
				GCC_WARN_UNUSED_VARIABLE = YES;
				IPHONEOS_DEPLOYMENT_TARGET = 9.3;
				MTL_ENABLE_DEBUG_INFO = YES;
				ONLY_ACTIVE_ARCH = YES;
				SDKROOT = iphoneos;
				SWIFT_OPTIMIZATION_LEVEL = "-Onone";
			};
			name = Debug;
		};
		DAA8B5241D62A8FC0025994D /* Release */ = {
			isa = XCBuildConfiguration;
			buildSettings = {
				ALWAYS_SEARCH_USER_PATHS = NO;
				CLANG_ANALYZER_NONNULL = YES;
				CLANG_CXX_LANGUAGE_STANDARD = "gnu++0x";
				CLANG_CXX_LIBRARY = "libc++";
				CLANG_ENABLE_MODULES = YES;
				CLANG_ENABLE_OBJC_ARC = YES;
				CLANG_WARN_BOOL_CONVERSION = YES;
				CLANG_WARN_CONSTANT_CONVERSION = YES;
				CLANG_WARN_DIRECT_OBJC_ISA_USAGE = YES_ERROR;
				CLANG_WARN_EMPTY_BODY = YES;
				CLANG_WARN_ENUM_CONVERSION = YES;
				CLANG_WARN_INT_CONVERSION = YES;
				CLANG_WARN_OBJC_ROOT_CLASS = YES_ERROR;
				CLANG_WARN_UNREACHABLE_CODE = YES;
				CLANG_WARN__DUPLICATE_METHOD_MATCH = YES;
				"CODE_SIGN_IDENTITY[sdk=iphoneos*]" = "iPhone Developer";
				COPY_PHASE_STRIP = NO;
				DEBUG_INFORMATION_FORMAT = "dwarf-with-dsym";
				ENABLE_NS_ASSERTIONS = NO;
				ENABLE_STRICT_OBJC_MSGSEND = YES;
				GCC_C_LANGUAGE_STANDARD = gnu99;
				GCC_NO_COMMON_BLOCKS = YES;
				GCC_WARN_64_TO_32_BIT_CONVERSION = YES;
				GCC_WARN_ABOUT_RETURN_TYPE = YES_ERROR;
				GCC_WARN_UNDECLARED_SELECTOR = YES;
				GCC_WARN_UNINITIALIZED_AUTOS = YES_AGGRESSIVE;
				GCC_WARN_UNUSED_FUNCTION = YES;
				GCC_WARN_UNUSED_VARIABLE = YES;
				IPHONEOS_DEPLOYMENT_TARGET = 9.3;
				MTL_ENABLE_DEBUG_INFO = NO;
				SDKROOT = iphoneos;
				VALIDATE_PRODUCT = YES;
			};
			name = Release;
		};
		DAA8B5261D62A8FC0025994D /* Debug */ = {
			isa = XCBuildConfiguration;
			baseConfigurationReference = 3E7E725D602A275550D7BFD1 /* Pods-limao.debug.xcconfig */;
			buildSettings = {
				ASSETCATALOG_COMPILER_APPICON_NAME = AppIcon;
				ENABLE_BITCODE = NO;
				INFOPLIST_FILE = limao/Info.plist;
				LD_RUNPATH_SEARCH_PATHS = "$(inherited) @executable_path/Frameworks";
				PRODUCT_BUNDLE_IDENTIFIER = cn.cover.limao;
				PRODUCT_NAME = "$(TARGET_NAME)";
			};
			name = Debug;
		};
		DAA8B5271D62A8FC0025994D /* Release */ = {
			isa = XCBuildConfiguration;
			baseConfigurationReference = 3D43B13B655FF9715F081B64 /* Pods-limao.release.xcconfig */;
			buildSettings = {
				ASSETCATALOG_COMPILER_APPICON_NAME = AppIcon;
				ENABLE_BITCODE = NO;
				INFOPLIST_FILE = limao/Info.plist;
				LD_RUNPATH_SEARCH_PATHS = "$(inherited) @executable_path/Frameworks";
				PRODUCT_BUNDLE_IDENTIFIER = cn.cover.limao;
				PRODUCT_NAME = "$(TARGET_NAME)";
			};
			name = Release;
		};
		DAA8B5291D62A8FC0025994D /* Debug */ = {
			isa = XCBuildConfiguration;
			baseConfigurationReference = F074F23453B06D5CDE1C915D /* Pods-limaoTests.debug.xcconfig */;
			buildSettings = {
				BUNDLE_LOADER = "$(TEST_HOST)";
				INFOPLIST_FILE = limaoTests/Info.plist;
				LD_RUNPATH_SEARCH_PATHS = "$(inherited) @executable_path/Frameworks @loader_path/Frameworks";
				PRODUCT_BUNDLE_IDENTIFIER = cn.cover.limaoTests;
				PRODUCT_NAME = "$(TARGET_NAME)";
				TEST_HOST = "$(BUILT_PRODUCTS_DIR)/limao.app/limao";
			};
			name = Debug;
		};
		DAA8B52A1D62A8FC0025994D /* Release */ = {
			isa = XCBuildConfiguration;
			baseConfigurationReference = 247293DBC7259C0E2E34ED32 /* Pods-limaoTests.release.xcconfig */;
			buildSettings = {
				BUNDLE_LOADER = "$(TEST_HOST)";
				INFOPLIST_FILE = limaoTests/Info.plist;
				LD_RUNPATH_SEARCH_PATHS = "$(inherited) @executable_path/Frameworks @loader_path/Frameworks";
				PRODUCT_BUNDLE_IDENTIFIER = cn.cover.limaoTests;
				PRODUCT_NAME = "$(TARGET_NAME)";
				TEST_HOST = "$(BUILT_PRODUCTS_DIR)/limao.app/limao";
			};
			name = Release;
		};
		DAA8B52C1D62A8FC0025994D /* Debug */ = {
			isa = XCBuildConfiguration;
			baseConfigurationReference = CDF1E3698235D71841E67F93 /* Pods-limaoUITests.debug.xcconfig */;
			buildSettings = {
				INFOPLIST_FILE = limaoUITests/Info.plist;
				LD_RUNPATH_SEARCH_PATHS = "$(inherited) @executable_path/Frameworks @loader_path/Frameworks";
				PRODUCT_BUNDLE_IDENTIFIER = cn.cover.limaoUITests;
				PRODUCT_NAME = "$(TARGET_NAME)";
				TEST_TARGET_NAME = limao;
			};
			name = Debug;
		};
		DAA8B52D1D62A8FC0025994D /* Release */ = {
			isa = XCBuildConfiguration;
			baseConfigurationReference = 75E5755A0EF191FC091721DA /* Pods-limaoUITests.release.xcconfig */;
			buildSettings = {
				INFOPLIST_FILE = limaoUITests/Info.plist;
				LD_RUNPATH_SEARCH_PATHS = "$(inherited) @executable_path/Frameworks @loader_path/Frameworks";
				PRODUCT_BUNDLE_IDENTIFIER = cn.cover.limaoUITests;
				PRODUCT_NAME = "$(TARGET_NAME)";
				TEST_TARGET_NAME = limao;
			};
			name = Release;
		};
/* End XCBuildConfiguration section */

/* Begin XCConfigurationList section */
		DAA8B4F81D62A8FC0025994D /* Build configuration list for PBXProject "limao" */ = {
			isa = XCConfigurationList;
			buildConfigurations = (
				DAA8B5231D62A8FC0025994D /* Debug */,
				DAA8B5241D62A8FC0025994D /* Release */,
			);
			defaultConfigurationIsVisible = 0;
			defaultConfigurationName = Release;
		};
		DAA8B5251D62A8FC0025994D /* Build configuration list for PBXNativeTarget "limao" */ = {
			isa = XCConfigurationList;
			buildConfigurations = (
				DAA8B5261D62A8FC0025994D /* Debug */,
				DAA8B5271D62A8FC0025994D /* Release */,
			);
			defaultConfigurationIsVisible = 0;
			defaultConfigurationName = Release;
		};
		DAA8B5281D62A8FC0025994D /* Build configuration list for PBXNativeTarget "limaoTests" */ = {
			isa = XCConfigurationList;
			buildConfigurations = (
				DAA8B5291D62A8FC0025994D /* Debug */,
				DAA8B52A1D62A8FC0025994D /* Release */,
			);
			defaultConfigurationIsVisible = 0;
			defaultConfigurationName = Release;
		};
		DAA8B52B1D62A8FC0025994D /* Build configuration list for PBXNativeTarget "limaoUITests" */ = {
			isa = XCConfigurationList;
			buildConfigurations = (
				DAA8B52C1D62A8FC0025994D /* Debug */,
				DAA8B52D1D62A8FC0025994D /* Release */,
			);
			defaultConfigurationIsVisible = 0;
			defaultConfigurationName = Release;
		};
/* End XCConfigurationList section */
	};
	rootObject = DAA8B4F51D62A8FC0025994D /* Project object */;
}
